
Microsoft Visual Studio Solution File, Format Version 12.00
# Visual Studio Version 16
VisualStudioVersion = 16.0.30011.22
MinimumVisualStudioVersion = 10.0.40219.1
Project("{FAE04EC0-301F-11D3-BF4B-00C04F79EFBC}") = "ConsoleApp1", "ConsoleApp1.csproj", "{0AA7FB48-2DFA-4BC6-98FE-7EE982E67B5D}"
EndProject
Global
	GlobalSection(SolutionConfigurationPlatforms) = preSolution
		Debug|Any CPU = Debug|Any CPU
		Release|Any CPU = Release|Any CPU
	EndGlobalSection
	GlobalSection(ProjectConfigurationPlatforms) = postSolution
		{0AA7FB48-2DFA-4BC6-98FE-7EE982E67B5D}.Debug|Any CPU.ActiveCfg = Debug|Any CPU
		{0AA7FB48-2DFA-4BC6-98FE-7EE982E67B5D}.Debug|Any CPU.Build.0 = Debug|Any CPU
		{0AA7FB48-2DFA-4BC6-98FE-7EE982E67B5D}.Release|Any CPU.ActiveCfg = Release|Any CPU
		{0AA7FB48-2DFA-4BC6-98FE-7EE982E67B5D}.Release|Any CPU.Build.0 = Release|Any CPU
	EndGlobalSection
	GlobalSection(SolutionProperties) = preSolution
		HideSolutionNode = FALSE
	EndGlobalSection
	GlobalSection(ExtensibilityGlobals) = postSolution
		SolutionGuid = {7D7F29AA-E397-46C9-8E1B-C3EE1A144116}
	EndGlobalSection
EndGlobal
